
Microsoft Visual Studio Solution File, Format Version 12.00
# Visual Studio 15
VisualStudioVersion = 15.0.27428.2015
MinimumVisualStudioVersion = 10.0.40219.1
Project("{FAE04EC0-301F-11D3-BF4B-00C04F79EFBC}") = "CSHomework04", "CSHomework04\CSHomework04.csproj", "{3B1E526F-7612-4745-B6CF-97568DF3A043}"
EndProject
Project("{FAE04EC0-301F-11D3-BF4B-00C04F79EFBC}") = "CSHomework04_2", "CSHomework04_2\CSHomework04_2.csproj", "{5E2A0671-2569-4007-93D2-1B0C9A21B241}"
EndProject
Global
	GlobalSection(SolutionConfigurationPlatforms) = preSolution
		Debug|Any CPU = Debug|Any CPU
		Release|Any CPU = Release|Any CPU
	EndGlobalSection
	GlobalSection(ProjectConfigurationPlatforms) = postSolution
		{3B1E526F-7612-4745-B6CF-97568DF3A043}.Debug|Any CPU.ActiveCfg = Debug|Any CPU
		{3B1E526F-7612-4745-B6CF-97568DF3A043}.Debug|Any CPU.Build.0 = Debug|Any CPU
		{3B1E526F-7612-4745-B6CF-97568DF3A043}.Release|Any CPU.ActiveCfg = Release|Any CPU
		{3B1E526F-7612-4745-B6CF-97568DF3A043}.Release|Any CPU.Build.0 = Release|Any CPU
		{5E2A0671-2569-4007-93D2-1B0C9A21B241}.Debug|Any CPU.ActiveCfg = Debug|Any CPU
		{5E2A0671-2569-4007-93D2-1B0C9A21B241}.Debug|Any CPU.Build.0 = Debug|Any CPU
		{5E2A0671-2569-4007-93D2-1B0C9A21B241}.Release|Any CPU.ActiveCfg = Release|Any CPU
		{5E2A0671-2569-4007-93D2-1B0C9A21B241}.Release|Any CPU.Build.0 = Release|Any CPU
	EndGlobalSection
	GlobalSection(SolutionProperties) = preSolution
		HideSolutionNode = FALSE
	EndGlobalSection
	GlobalSection(ExtensibilityGlobals) = postSolution
		SolutionGuid = {35219A24-9AF0-4DC5-BBC2-251C9C85AAB7}
	EndGlobalSection
EndGlobal
